// !$*UTF8*$!
{
	archiveVersion = 1;
	classes = {
	};
	objectVersion = 50;
	objects = {

/* Begin PBXBuildFile section */
		5C548626220300CA00E446ED /* AppDelegate.m in Sources */ = {isa = PBXBuildFile; fileRef = 5C548625220300CA00E446ED /* AppDelegate.m */; };
		5C548629220300CA00E446ED /* ViewController.m in Sources */ = {isa = PBXBuildFile; fileRef = 5C548628220300CA00E446ED /* ViewController.m */; };
		5C54862C220300CA00E446ED /* Main.storyboard in Resources */ = {isa = PBXBuildFile; fileRef = 5C54862A220300CA00E446ED /* Main.storyboard */; };
		5C54862E220300CA00E446ED /* Assets.xcassets in Resources */ = {isa = PBXBuildFile; fileRef = 5C54862D220300CA00E446ED /* Assets.xcassets */; };
		5C548631220300CA00E446ED /* LaunchScreen.storyboard in Resources */ = {isa = PBXBuildFile; fileRef = 5C54862F220300CA00E446ED /* LaunchScreen.storyboard */; };
		5C548634220300CA00E446ED /* main.m in Sources */ = {isa = PBXBuildFile; fileRef = 5C548633220300CA00E446ED /* main.m */; };
		5C54863E220300CA00E446ED /* WebServiceSDKTests.m in Sources */ = {isa = PBXBuildFile; fileRef = 5C54863D220300CA00E446ED /* WebServiceSDKTests.m */; };
		5C548649220300CA00E446ED /* WebServiceSDKUITests.m in Sources */ = {isa = PBXBuildFile; fileRef = 5C548648220300CA00E446ED /* WebServiceSDKUITests.m */; };
		5C54865B2203F7C200E446ED /* HTTPClient.m in Sources */ = {isa = PBXBuildFile; fileRef = 5C54865A2203F7C200E446ED /* HTTPClient.m */; };
/* End PBXBuildFile section */

/* Begin PBXContainerItemProxy section */
		5C54863A220300CA00E446ED /* PBXContainerItemProxy */ = {
			isa = PBXContainerItemProxy;
			containerPortal = 5C548619220300CA00E446ED /* Project object */;
			proxyType = 1;
			remoteGlobalIDString = 5C548620220300CA00E446ED;
			remoteInfo = WebServiceSDK;
		};
		5C548645220300CA00E446ED /* PBXContainerItemProxy */ = {
			isa = PBXContainerItemProxy;
			containerPortal = 5C548619220300CA00E446ED /* Project object */;
			proxyType = 1;
			remoteGlobalIDString = 5C548620220300CA00E446ED;
			remoteInfo = WebServiceSDK;
		};
/* End PBXContainerItemProxy section */

/* Begin PBXFileReference section */
		5C548621220300CA00E446ED /* WebServiceSDK.app */ = {isa = PBXFileReference; explicitFileType = wrapper.application; includeInIndex = 0; path = WebServiceSDK.app; sourceTree = BUILT_PRODUCTS_DIR; };
		5C548624220300CA00E446ED /* AppDelegate.h */ = {isa = PBXFileReference; lastKnownFileType = sourcecode.c.h; path = AppDelegate.h; sourceTree = "<group>"; };
		5C548625220300CA00E446ED /* AppDelegate.m */ = {isa = PBXFileReference; lastKnownFileType = sourcecode.c.objc; path = AppDelegate.m; sourceTree = "<group>"; };
		5C548627220300CA00E446ED /* ViewController.h */ = {isa = PBXFileReference; lastKnownFileType = sourcecode.c.h; path = ViewController.h; sourceTree = "<group>"; };
		5C548628220300CA00E446ED /* ViewController.m */ = {isa = PBXFileReference; lastKnownFileType = sourcecode.c.objc; path = ViewController.m; sourceTree = "<group>"; };
		5C54862B220300CA00E446ED /* Base */ = {isa = PBXFileReference; lastKnownFileType = file.storyboard; name = Base; path = Base.lproj/Main.storyboard; sourceTree = "<group>"; };
		5C54862D220300CA00E446ED /* Assets.xcassets */ = {isa = PBXFileReference; lastKnownFileType = folder.assetcatalog; path = Assets.xcassets; sourceTree = "<group>"; };
		5C548630220300CA00E446ED /* Base */ = {isa = PBXFileReference; lastKnownFileType = file.storyboard; name = Base; path = Base.lproj/LaunchScreen.storyboard; sourceTree = "<group>"; };
		5C548632220300CA00E446ED /* Info.plist */ = {isa = PBXFileReference; lastKnownFileType = text.plist.xml; path = Info.plist; sourceTree = "<group>"; };
		5C548633220300CA00E446ED /* main.m */ = {isa = PBXFileReference; lastKnownFileType = sourcecode.c.objc; path = main.m; sourceTree = "<group>"; };
		5C548639220300CA00E446ED /* WebServiceSDKTests.xctest */ = {isa = PBXFileReference; explicitFileType = wrapper.cfbundle; includeInIndex = 0; path = WebServiceSDKTests.xctest; sourceTree = BUILT_PRODUCTS_DIR; };
		5C54863D220300CA00E446ED /* WebServiceSDKTests.m */ = {isa = PBXFileReference; lastKnownFileType = sourcecode.c.objc; path = WebServiceSDKTests.m; sourceTree = "<group>"; };
		5C54863F220300CA00E446ED /* Info.plist */ = {isa = PBXFileReference; lastKnownFileType = text.plist.xml; path = Info.plist; sourceTree = "<group>"; };
		5C548644220300CA00E446ED /* WebServiceSDKUITests.xctest */ = {isa = PBXFileReference; explicitFileType = wrapper.cfbundle; includeInIndex = 0; path = WebServiceSDKUITests.xctest; sourceTree = BUILT_PRODUCTS_DIR; };
		5C548648220300CA00E446ED /* WebServiceSDKUITests.m */ = {isa = PBXFileReference; lastKnownFileType = sourcecode.c.objc; path = WebServiceSDKUITests.m; sourceTree = "<group>"; };
		5C54864A220300CA00E446ED /* Info.plist */ = {isa = PBXFileReference; lastKnownFileType = text.plist.xml; path = Info.plist; sourceTree = "<group>"; };
		5C5486592203F7B500E446ED /* HTTPClient.h */ = {isa = PBXFileReference; lastKnownFileType = sourcecode.c.h; path = HTTPClient.h; sourceTree = "<group>"; };
		5C54865A2203F7C200E446ED /* HTTPClient.m */ = {isa = PBXFileReference; lastKnownFileType = sourcecode.c.objc; path = HTTPClient.m; sourceTree = "<group>"; };
/* End PBXFileReference section */

/* Begin PBXFrameworksBuildPhase section */
		5C54861E220300CA00E446ED /* Frameworks */ = {
			isa = PBXFrameworksBuildPhase;
			buildActionMask = 2147483647;
			files = (
			);
			runOnlyForDeploymentPostprocessing = 0;
		};
		5C548636220300CA00E446ED /* Frameworks */ = {
			isa = PBXFrameworksBuildPhase;
			buildActionMask = 2147483647;
			files = (
			);
			runOnlyForDeploymentPostprocessing = 0;
		};
		5C548641220300CA00E446ED /* Frameworks */ = {
			isa = PBXFrameworksBuildPhase;
			buildActionMask = 2147483647;
			files = (
			);
			runOnlyForDeploymentPostprocessing = 0;
		};
/* End PBXFrameworksBuildPhase section */

/* Begin PBXGroup section */
		5C548618220300CA00E446ED = {
			isa = PBXGroup;
			children = (
				5C548623220300CA00E446ED /* WebServiceSDK */,
				5C54863C220300CA00E446ED /* WebServiceSDKTests */,
				5C548647220300CA00E446ED /* WebServiceSDKUITests */,
				5C548622220300CA00E446ED /* Products */,
			);
			sourceTree = "<group>";
		};
		5C548622220300CA00E446ED /* Products */ = {
			isa = PBXGroup;
			children = (
				5C548621220300CA00E446ED /* WebServiceSDK.app */,
				5C548639220300CA00E446ED /* WebServiceSDKTests.xctest */,
				5C548644220300CA00E446ED /* WebServiceSDKUITests.xctest */,
			);
			name = Products;
			sourceTree = "<group>";
		};
		5C548623220300CA00E446ED /* WebServiceSDK */ = {
			isa = PBXGroup;
			children = (
				5C548624220300CA00E446ED /* AppDelegate.h */,
				5C548625220300CA00E446ED /* AppDelegate.m */,
				5C548627220300CA00E446ED /* ViewController.h */,
				5C548628220300CA00E446ED /* ViewController.m */,
				5C54862A220300CA00E446ED /* Main.storyboard */,
				5C54862D220300CA00E446ED /* Assets.xcassets */,
				5C54862F220300CA00E446ED /* LaunchScreen.storyboard */,
				5C548632220300CA00E446ED /* Info.plist */,
				5C548633220300CA00E446ED /* main.m */,
				5C5486592203F7B500E446ED /* HTTPClient.h */,
				5C54865A2203F7C200E446ED /* HTTPClient.m */,
			);
			path = WebServiceSDK;
			sourceTree = "<group>";
		};
		5C54863C220300CA00E446ED /* WebServiceSDKTests */ = {
			isa = PBXGroup;
			children = (
				5C54863D220300CA00E446ED /* WebServiceSDKTests.m */,
				5C54863F220300CA00E446ED /* Info.plist */,
			);
			path = WebServiceSDKTests;
			sourceTree = "<group>";
		};
		5C548647220300CA00E446ED /* WebServiceSDKUITests */ = {
			isa = PBXGroup;
			children = (
				5C548648220300CA00E446ED /* WebServiceSDKUITests.m */,
				5C54864A220300CA00E446ED /* Info.plist */,
			);
			path = WebServiceSDKUITests;
			sourceTree = "<group>";
		};
/* End PBXGroup section */

/* Begin PBXNativeTarget section */
		5C548620220300CA00E446ED /* WebServiceSDK */ = {
			isa = PBXNativeTarget;
			buildConfigurationList = 5C54864D220300CA00E446ED /* Build configuration list for PBXNativeTarget "WebServiceSDK" */;
			buildPhases = (
				5C54861D220300CA00E446ED /* Sources */,
				5C54861E220300CA00E446ED /* Frameworks */,
				5C54861F220300CA00E446ED /* Resources */,
			);
			buildRules = (
			);
			dependencies = (
			);
			name = WebServiceSDK;
			productName = WebServiceSDK;
			productReference = 5C548621220300CA00E446ED /* WebServiceSDK.app */;
			productType = "com.apple.product-type.application";
		};
		5C548638220300CA00E446ED /* WebServiceSDKTests */ = {
			isa = PBXNativeTarget;
			buildConfigurationList = 5C548650220300CA00E446ED /* Build configuration list for PBXNativeTarget "WebServiceSDKTests" */;
			buildPhases = (
				5C548635220300CA00E446ED /* Sources */,
				5C548636220300CA00E446ED /* Frameworks */,
				5C548637220300CA00E446ED /* Resources */,
			);
			buildRules = (
			);
			dependencies = (
				5C54863B220300CA00E446ED /* PBXTargetDependency */,
			);
			name = WebServiceSDKTests;
			productName = WebServiceSDKTests;
			productReference = 5C548639220300CA00E446ED /* WebServiceSDKTests.xctest */;
			productType = "com.apple.product-type.bundle.unit-test";
		};
		5C548643220300CA00E446ED /* WebServiceSDKUITests */ = {
			isa = PBXNativeTarget;
			buildConfigurationList = 5C548653220300CA00E446ED /* Build configuration list for PBXNativeTarget "WebServiceSDKUITests" */;
			buildPhases = (
				5C548640220300CA00E446ED /* Sources */,
				5C548641220300CA00E446ED /* Frameworks */,
				5C548642220300CA00E446ED /* Resources */,
			);
			buildRules = (
			);
			dependencies = (
				5C548646220300CA00E446ED /* PBXTargetDependency */,
			);
			name = WebServiceSDKUITests;
			productName = WebServiceSDKUITests;
			productReference = 5C548644220300CA00E446ED /* WebServiceSDKUITests.xctest */;
			productType = "com.apple.product-type.bundle.ui-testing";
		};
/* End PBXNativeTarget section */

/* Begin PBXProject section */
		5C548619220300CA00E446ED /* Project object */ = {
			isa = PBXProject;
			attributes = {
				LastUpgradeCheck = 1010;
				ORGANIZATIONNAME = "Tsihsin Lee";
				TargetAttributes = {
					5C548620220300CA00E446ED = {
						CreatedOnToolsVersion = 10.1;
					};
					5C548638220300CA00E446ED = {
						CreatedOnToolsVersion = 10.1;
						TestTargetID = 5C548620220300CA00E446ED;
					};
					5C548643220300CA00E446ED = {
						CreatedOnToolsVersion = 10.1;
						TestTargetID = 5C548620220300CA00E446ED;
					};
				};
			};
			buildConfigurationList = 5C54861C220300CA00E446ED /* Build configuration list for PBXProject "WebServiceSDK" */;
			compatibilityVersion = "Xcode 9.3";
			developmentRegion = en;
			hasScannedForEncodings = 0;
			knownRegions = (
				en,
				Base,
			);
			mainGroup = 5C548618220300CA00E446ED;
			productRefGroup = 5C548622220300CA00E446ED /* Products */;
			projectDirPath = "";
			projectRoot = "";
			targets = (
				5C548620220300CA00E446ED /* WebServiceSDK */,
				5C548638220300CA00E446ED /* WebServiceSDKTests */,
				5C548643220300CA00E446ED /* WebServiceSDKUITests */,
			);
		};
/* End PBXProject section */

/* Begin PBXResourcesBuildPhase section */
		5C54861F220300CA00E446ED /* Resources */ = {
			isa = PBXResourcesBuildPhase;
			buildActionMask = 2147483647;
			files = (
				5C548631220300CA00E446ED /* LaunchScreen.storyboard in Resources */,
				5C54862E220300CA00E446ED /* Assets.xcassets in Resources */,
				5C54862C220300CA00E446ED /* Main.storyboard in Resources */,
			);
			runOnlyForDeploymentPostprocessing = 0;
		};
		5C548637220300CA00E446ED /* Resources */ = {
			isa = PBXResourcesBuildPhase;
			buildActionMask = 2147483647;
			files = (
			);
			runOnlyForDeploymentPostprocessing = 0;
		};
		5C548642220300CA00E446ED /* Resources */ = {
			isa = PBXResourcesBuildPhase;
			buildActionMask = 2147483647;
			files = (
			);
			runOnlyForDeploymentPostprocessing = 0;
		};
/* End PBXResourcesBuildPhase section */

/* Begin PBXSourcesBuildPhase section */
		5C54861D220300CA00E446ED /* Sources */ = {
			isa = PBXSourcesBuildPhase;
			buildActionMask = 2147483647;
			files = (
				5C548629220300CA00E446ED /* ViewController.m in Sources */,
				5C548634220300CA00E446ED /* main.m in Sources */,
				5C54865B2203F7C200E446ED /* HTTPClient.m in Sources */,
				5C548626220300CA00E446ED /* AppDelegate.m in Sources */,
			);
			runOnlyForDeploymentPostprocessing = 0;
		};
		5C548635220300CA00E446ED /* Sources */ = {
			isa = PBXSourcesBuildPhase;
			buildActionMask = 2147483647;
			files = (
				5C54863E220300CA00E446ED /* WebServiceSDKTests.m in Sources */,
			);
			runOnlyForDeploymentPostprocessing = 0;
		};
		5C548640220300CA00E446ED /* Sources */ = {
			isa = PBXSourcesBuildPhase;
			buildActionMask = 2147483647;
			files = (
				5C548649220300CA00E446ED /* WebServiceSDKUITests.m in Sources */,
			);
			runOnlyForDeploymentPostprocessing = 0;
		};
/* End PBXSourcesBuildPhase section */

/* Begin PBXTargetDependency section */
		5C54863B220300CA00E446ED /* PBXTargetDependency */ = {
			isa = PBXTargetDependency;
			target = 5C548620220300CA00E446ED /* WebServiceSDK */;
			targetProxy = 5C54863A220300CA00E446ED /* PBXContainerItemProxy */;
		};
		5C548646220300CA00E446ED /* PBXTargetDependency */ = {
			isa = PBXTargetDependency;
			target = 5C548620220300CA00E446ED /* WebServiceSDK */;
			targetProxy = 5C548645220300CA00E446ED /* PBXContainerItemProxy */;
		};
/* End PBXTargetDependency section */

/* Begin PBXVariantGroup section */
		5C54862A220300CA00E446ED /* Main.storyboard */ = {
			isa = PBXVariantGroup;
			children = (
				5C54862B220300CA00E446ED /* Base */,
			);
			name = Main.storyboard;
			sourceTree = "<group>";
		};
		5C54862F220300CA00E446ED /* LaunchScreen.storyboard */ = {
			isa = PBXVariantGroup;
			children = (
				5C548630220300CA00E446ED /* Base */,
			);
			name = LaunchScreen.storyboard;
			sourceTree = "<group>";
		};
/* End PBXVariantGroup section */

/* Begin XCBuildConfiguration section */
		5C54864B220300CA00E446ED /* Debug */ = {
			isa = XCBuildConfiguration;
			buildSettings = {
				ALWAYS_SEARCH_USER_PATHS = NO;
				CLANG_ANALYZER_NONNULL = YES;
				CLANG_ANALYZER_NUMBER_OBJECT_CONVERSION = YES_AGGRESSIVE;
				CLANG_CXX_LANGUAGE_STANDARD = "gnu++14";
				CLANG_CXX_LIBRARY = "libc++";
				CLANG_ENABLE_MODULES = YES;
				CLANG_ENABLE_OBJC_ARC = YES;
				CLANG_ENABLE_OBJC_WEAK = YES;
				CLANG_WARN_BLOCK_CAPTURE_AUTORELEASING = YES;
				CLANG_WARN_BOOL_CONVERSION = YES;
				CLANG_WARN_COMMA = YES;
				CLANG_WARN_CONSTANT_CONVERSION = YES;
				CLANG_WARN_DEPRECATED_OBJC_IMPLEMENTATIONS = YES;
				CLANG_WARN_DIRECT_OBJC_ISA_USAGE = YES_ERROR;
				CLANG_WARN_DOCUMENTATION_COMMENTS = YES;
				CLANG_WARN_EMPTY_BODY = YES;
				CLANG_WARN_ENUM_CONVERSION = YES;
				CLANG_WARN_INFINITE_RECURSION = YES;
				CLANG_WARN_INT_CONVERSION = YES;
				CLANG_WARN_NON_LITERAL_NULL_CONVERSION = YES;
				CLANG_WARN_OBJC_IMPLICIT_RETAIN_SELF = YES;
				CLANG_WARN_OBJC_LITERAL_CONVERSION = YES;
				CLANG_WARN_OBJC_ROOT_CLASS = YES_ERROR;
				CLANG_WARN_RANGE_LOOP_ANALYSIS = YES;
				CLANG_WARN_STRICT_PROTOTYPES = YES;
				CLANG_WARN_SUSPICIOUS_MOVE = YES;
				CLANG_WARN_UNGUARDED_AVAILABILITY = YES_AGGRESSIVE;
				CLANG_WARN_UNREACHABLE_CODE = YES;
				CLANG_WARN__DUPLICATE_METHOD_MATCH = YES;
				CODE_SIGN_IDENTITY = "iPhone Developer";
				COPY_PHASE_STRIP = NO;
				DEBUG_INFORMATION_FORMAT = dwarf;
				ENABLE_STRICT_OBJC_MSGSEND = YES;
				ENABLE_TESTABILITY = YES;
				GCC_C_LANGUAGE_STANDARD = gnu11;
				GCC_DYNAMIC_NO_PIC = NO;
				GCC_NO_COMMON_BLOCKS = YES;
				GCC_OPTIMIZATION_LEVEL = 0;
				GCC_PREPROCESSOR_DEFINITIONS = (
					"DEBUG=1",
					"$(inherited)",
				);
				GCC_WARN_64_TO_32_BIT_CONVERSION = YES;
				GCC_WARN_ABOUT_RETURN_TYPE = YES_ERROR;
				GCC_WARN_UNDECLARED_SELECTOR = YES;
				GCC_WARN_UNINITIALIZED_AUTOS = YES_AGGRESSIVE;
				GCC_WARN_UNUSED_FUNCTION = YES;
				GCC_WARN_UNUSED_VARIABLE = YES;
				IPHONEOS_DEPLOYMENT_TARGET = 12.1;
				MTL_ENABLE_DEBUG_INFO = INCLUDE_SOURCE;
				MTL_FAST_MATH = YES;
				ONLY_ACTIVE_ARCH = YES;
				SDKROOT = iphoneos;
			};
			name = Debug;
		};
		5C54864C220300CA00E446ED /* Release */ = {
			isa = XCBuildConfiguration;
			buildSettings = {
				ALWAYS_SEARCH_USER_PATHS = NO;
				CLANG_ANALYZER_NONNULL = YES;
				CLANG_ANALYZER_NUMBER_OBJECT_CONVERSION = YES_AGGRESSIVE;
				CLANG_CXX_LANGUAGE_STANDARD = "gnu++14";
				CLANG_CXX_LIBRARY = "libc++";
				CLANG_ENABLE_MODULES = YES;
				CLANG_ENABLE_OBJC_ARC = YES;
				CLANG_ENABLE_OBJC_WEAK = YES;
				CLANG_WARN_BLOCK_CAPTURE_AUTORELEASING = YES;
				CLANG_WARN_BOOL_CONVERSION = YES;
				CLANG_WARN_COMMA = YES;
				CLANG_WARN_CONSTANT_CONVERSION = YES;
				CLANG_WARN_DEPRECATED_OBJC_IMPLEMENTATIONS = YES;
				CLANG_WARN_DIRECT_OBJC_ISA_USAGE = YES_ERROR;
				CLANG_WARN_DOCUMENTATION_COMMENTS = YES;
				CLANG_WARN_EMPTY_BODY = YES;
				CLANG_WARN_ENUM_CONVERSION = YES;
				CLANG_WARN_INFINITE_RECURSION = YES;
				CLANG_WARN_INT_CONVERSION = YES;
				CLANG_WARN_NON_LITERAL_NULL_CONVERSION = YES;
				CLANG_WARN_OBJC_IMPLICIT_RETAIN_SELF = YES;
				CLANG_WARN_OBJC_LITERAL_CONVERSION = YES;
				CLANG_WARN_OBJC_ROOT_CLASS = YES_ERROR;
				CLANG_WARN_RANGE_LOOP_ANALYSIS = YES;
				CLANG_WARN_STRICT_PROTOTYPES = YES;
				CLANG_WARN_SUSPICIOUS_MOVE = YES;
				CLANG_WARN_UNGUARDED_AVAILABILITY = YES_AGGRESSIVE;
				CLANG_WARN_UNREACHABLE_CODE = YES;
				CLANG_WARN__DUPLICATE_METHOD_MATCH = YES;
				CODE_SIGN_IDENTITY = "iPhone Developer";
				COPY_PHASE_STRIP = NO;
				DEBUG_INFORMATION_FORMAT = "dwarf-with-dsym";
				ENABLE_NS_ASSERTIONS = NO;
				ENABLE_STRICT_OBJC_MSGSEND = YES;
				GCC_C_LANGUAGE_STANDARD = gnu11;
				GCC_NO_COMMON_BLOCKS = YES;
				GCC_WARN_64_TO_32_BIT_CONVERSION = YES;
				GCC_WARN_ABOUT_RETURN_TYPE = YES_ERROR;
				GCC_WARN_UNDECLARED_SELECTOR = YES;
				GCC_WARN_UNINITIALIZED_AUTOS = YES_AGGRESSIVE;
				GCC_WARN_UNUSED_FUNCTION = YES;
				GCC_WARN_UNUSED_VARIABLE = YES;
				IPHONEOS_DEPLOYMENT_TARGET = 12.1;
				MTL_ENABLE_DEBUG_INFO = NO;
				MTL_FAST_MATH = YES;
				SDKROOT = iphoneos;
				VALIDATE_PRODUCT = YES;
			};
			name = Release;
		};
		5C54864E220300CA00E446ED /* Debug */ = {
			isa = XCBuildConfiguration;
			buildSettings = {
				ASSETCATALOG_COMPILER_APPICON_NAME = AppIcon;
				CODE_SIGN_STYLE = Automatic;
				DEVELOPMENT_TEAM = J3AZ8J7WB4;
				INFOPLIST_FILE = WebServiceSDK/Info.plist;
				LD_RUNPATH_SEARCH_PATHS = (
					"$(inherited)",
					"@executable_path/Frameworks",
				);
				PRODUCT_BUNDLE_IDENTIFIER = "Tsihsin-Lee.WebServiceSDK";
				PRODUCT_NAME = "$(TARGET_NAME)";
				TARGETED_DEVICE_FAMILY = "1,2";
			};
			name = Debug;
		};
		5C54864F220300CA00E446ED /* Release */ = {
			isa = XCBuildConfiguration;
			buildSettings = {
				ASSETCATALOG_COMPILER_APPICON_NAME = AppIcon;
				CODE_SIGN_STYLE = Automatic;
				DEVELOPMENT_TEAM = J3AZ8J7WB4;
				INFOPLIST_FILE = WebServiceSDK/Info.plist;
				LD_RUNPATH_SEARCH_PATHS = (
					"$(inherited)",
					"@executable_path/Frameworks",
				);
				PRODUCT_BUNDLE_IDENTIFIER = "Tsihsin-Lee.WebServiceSDK";
				PRODUCT_NAME = "$(TARGET_NAME)";
				TARGETED_DEVICE_FAMILY = "1,2";
			};
			name = Release;
		};
		5C548651220300CA00E446ED /* Debug */ = {
			isa = XCBuildConfiguration;
			buildSettings = {
				BUNDLE_LOADER = "$(TEST_HOST)";
				CODE_SIGN_STYLE = Automatic;
				DEVELOPMENT_TEAM = J3AZ8J7WB4;
				INFOPLIST_FILE = WebServiceSDKTests/Info.plist;
				LD_RUNPATH_SEARCH_PATHS = (
					"$(inherited)",
					"@executable_path/Frameworks",
					"@loader_path/Frameworks",
				);
				PRODUCT_BUNDLE_IDENTIFIER = "Tsihsin-Lee.WebServiceSDKTests";
				PRODUCT_NAME = "$(TARGET_NAME)";
				TARGETED_DEVICE_FAMILY = "1,2";
				TEST_HOST = "$(BUILT_PRODUCTS_DIR)/WebServiceSDK.app/WebServiceSDK";
			};
			name = Debug;
		};
		5C548652220300CA00E446ED /* Release */ = {
			isa = XCBuildConfiguration;
			buildSettings = {
				BUNDLE_LOADER = "$(TEST_HOST)";
				CODE_SIGN_STYLE = Automatic;
				DEVELOPMENT_TEAM = J3AZ8J7WB4;
				INFOPLIST_FILE = WebServiceSDKTests/Info.plist;
				LD_RUNPATH_SEARCH_PATHS = (
					"$(inherited)",
					"@executable_path/Frameworks",
					"@loader_path/Frameworks",
				);
				PRODUCT_BUNDLE_IDENTIFIER = "Tsihsin-Lee.WebServiceSDKTests";
				PRODUCT_NAME = "$(TARGET_NAME)";
				TARGETED_DEVICE_FAMILY = "1,2";
				TEST_HOST = "$(BUILT_PRODUCTS_DIR)/WebServiceSDK.app/WebServiceSDK";
			};
			name = Release;
		};
		5C548654220300CA00E446ED /* Debug */ = {
			isa = XCBuildConfiguration;
			buildSettings = {
				CODE_SIGN_STYLE = Automatic;
				DEVELOPMENT_TEAM = J3AZ8J7WB4;
				INFOPLIST_FILE = WebServiceSDKUITests/Info.plist;
				LD_RUNPATH_SEARCH_PATHS = (
					"$(inherited)",
					"@executable_path/Frameworks",
					"@loader_path/Frameworks",
				);
				PRODUCT_BUNDLE_IDENTIFIER = "Tsihsin-Lee.WebServiceSDKUITests";
				PRODUCT_NAME = "$(TARGET_NAME)";
				TARGETED_DEVICE_FAMILY = "1,2";
				TEST_TARGET_NAME = WebServiceSDK;
			};
			name = Debug;
		};
		5C548655220300CA00E446ED /* Release */ = {
			isa = XCBuildConfiguration;
			buildSettings = {
				CODE_SIGN_STYLE = Automatic;
				DEVELOPMENT_TEAM = J3AZ8J7WB4;
				INFOPLIST_FILE = WebServiceSDKUITests/Info.plist;
				LD_RUNPATH_SEARCH_PATHS = (
					"$(inherited)",
					"@executable_path/Frameworks",
					"@loader_path/Frameworks",
				);
				PRODUCT_BUNDLE_IDENTIFIER = "Tsihsin-Lee.WebServiceSDKUITests";
				PRODUCT_NAME = "$(TARGET_NAME)";
				TARGETED_DEVICE_FAMILY = "1,2";
				TEST_TARGET_NAME = WebServiceSDK;
			};
			name = Release;
		};
/* End XCBuildConfiguration section */

/* Begin XCConfigurationList section */
		5C54861C220300CA00E446ED /* Build configuration list for PBXProject "WebServiceSDK" */ = {
			isa = XCConfigurationList;
			buildConfigurations = (
				5C54864B220300CA00E446ED /* Debug */,
				5C54864C220300CA00E446ED /* Release */,
			);
			defaultConfigurationIsVisible = 0;
			defaultConfigurationName = Release;
		};
		5C54864D220300CA00E446ED /* Build configuration list for PBXNativeTarget "WebServiceSDK" */ = {
			isa = XCConfigurationList;
			buildConfigurations = (
				5C54864E220300CA00E446ED /* Debug */,
				5C54864F220300CA00E446ED /* Release */,
			);
			defaultConfigurationIsVisible = 0;
			defaultConfigurationName = Release;
		};
		5C548650220300CA00E446ED /* Build configuration list for PBXNativeTarget "WebServiceSDKTests" */ = {
			isa = XCConfigurationList;
			buildConfigurations = (
				5C548651220300CA00E446ED /* Debug */,
				5C548652220300CA00E446ED /* Release */,
			);
			defaultConfigurationIsVisible = 0;
			defaultConfigurationName = Release;
		};
		5C548653220300CA00E446ED /* Build configuration list for PBXNativeTarget "WebServiceSDKUITests" */ = {
			isa = XCConfigurationList;
			buildConfigurations = (
				5C548654220300CA00E446ED /* Debug */,
				5C548655220300CA00E446ED /* Release */,
			);
			defaultConfigurationIsVisible = 0;
			defaultConfigurationName = Release;
		};
/* End XCConfigurationList section */
	};
	rootObject = 5C548619220300CA00E446ED /* Project object */;
}
